version = 1
requires-python = ">=3.8"

[[package]]
name = "lief"
version = "0.15.1"
source = { registry = "https://pypi.org/simple" }
wheels = [
    { url = "https://files.pythonhosted.org/packages/09/e6/dd8f35f6e68470b6bdfaba50ac7f442be0b86264164a99ba1eaf176947e6/lief-0.15.1-cp310-cp310-macosx_11_0_arm64.whl", hash = "sha256:a80246b96501b2b1d4927ceb3cb817eda9333ffa9e07101358929a6cffca5dae", size = 1762404 },
    { url = "https://files.pythonhosted.org/packages/59/0b/6d6af31aae6d796291208871d42ad687677ea0fa2a0680608519c5c57e57/lief-0.15.1-cp310-cp310-macosx_11_0_x86_64.whl", hash = "sha256:84bf310710369544e2bb82f83d7fdab5b5ac422651184fde8bf9e35f14439691", size = 1899233 },
    { url = "https://files.pythonhosted.org/packages/ee/05/5c14f6b16769fd539637c832532cf7ee3e8176fb6239e00be231d4803dc5/lief-0.15.1-cp310-cp310-manylinux_2_28_x86_64.whl", hash = "sha256:8fb58efb77358291109d2675d5459399c0794475b497992d0ecee18a4a46a207", size = 2163808 },
    { url = "https://files.pythonhosted.org/packages/b1/e5/fa7c23b44e8fee2d50860fae1e8def63c11e8c48abd51cf5e991d89d74a9/lief-0.15.1-cp310-cp310-manylinux_2_33_aarch64.whl", hash = "sha256:d5852a246361bbefa4c1d5930741765a2337638d65cfe30de1b7d61f9a54b865", size = 2114942 },
    { url = "https://files.pythonhosted.org/packages/2f/e4/3f7a7c66937530f0d20263251edb5b485f1c3bcb44122101460346deb6a5/lief-0.15.1-cp310-cp310-musllinux_1_2_x86_64.whl", hash = "sha256:12e53dc0253c303df386ae45487a2f0078026602b36d0e09e838ae1d4dbef958", size = 2468713 },
    { url = "https://files.pythonhosted.org/packages/b3/73/3d58051ca9997876493f6b68d7f3f75c3835946204f57082222741cd73c2/lief-0.15.1-cp310-cp310-win32.whl", hash = "sha256:38b9cee48f42c355359ad7e3ff18bf1ec95e518238e4e8fb25657a49169dbf4c", size = 2185592 },
    { url = "https://files.pythonhosted.org/packages/ae/cb/845eda783c36993b5813128f36b2037cdc2211bc61c211ce0e259c497bc6/lief-0.15.1-cp310-cp310-win_amd64.whl", hash = "sha256:ddf2ebd73766169594d631b35f84c49ef42871de552ad49f36002c60164d0aca", size = 2334520 },
    { url = "https://files.pythonhosted.org/packages/d4/47/a70d0eb993d52df43192bb0edc4166f853ff5ac8d6a83329599d559edd99/lief-0.15.1-cp311-cp311-macosx_11_0_arm64.whl", hash = "sha256:20508c52de0dffcee3242253541609590167a3e56150cbacb506fdbb822206ef", size = 1762049 },
    { url = "https://files.pythonhosted.org/packages/09/04/97c89095228590dffcdb8ba3c2a07eb85fd8d21def8a8d4a36fd2a90cfdc/lief-0.15.1-cp311-cp311-macosx_11_0_x86_64.whl", hash = "sha256:0750c892fd3b7161a3c2279f25fe1844427610c3a5a4ae23f65674ced6f93ea5", size = 1897850 },
    { url = "https://files.pythonhosted.org/packages/18/f9/bec987608181e65e32f4d98b1c532b6b8e8b7f3dccf38937e3fcf0e7938b/lief-0.15.1-cp311-cp311-manylinux_2_28_x86_64.whl", hash = "sha256:a8634ea79d6d9862297fadce025519ab25ff01fcadb333cf42967c6295f0d057", size = 2163654 },
    { url = "https://files.pythonhosted.org/packages/98/03/9cefa36c418486cd6a3c42ad86b37f88e626ba7d0c7736eb0312ef2e2e11/lief-0.15.1-cp311-cp311-manylinux_2_33_aarch64.whl", hash = "sha256:1e11e046ad71fe8c81e1a8d1d207fe2b99c967d33ce79c3d3915cb8f5ecacf52", size = 2114556 },
    { url = "https://files.pythonhosted.org/packages/08/91/0ff1b6af8e54c181dd3c11cda210fe8a468ee145f1cb5096a7fac6248286/lief-0.15.1-cp311-cp311-musllinux_1_2_x86_64.whl", hash = "sha256:674b620cdf1d686f52450fd97c1056d4c92e55af8217ce85a1b2efaf5b32140b", size = 2468628 },
    { url = "https://files.pythonhosted.org/packages/ee/1d/870db82152bcfda4a24e534792a8b7d06faa8230fd226d16ab4a9185daea/lief-0.15.1-cp311-cp311-win32.whl", hash = "sha256:dbdcd70fd23c90017705b7fe6c716f0a69c01d0d0ea7a2ff653d83dc4a61fefb", size = 2185448 },
    { url = "https://files.pythonhosted.org/packages/29/fe/ac50b4554825884c57e846e236b40b5349bf203c2be6a0da095b00cba86f/lief-0.15.1-cp311-cp311-win_amd64.whl", hash = "sha256:e9b96a37bf11ca777ff305d85d957eabad2a92a6e577b6e2fb3ab79514e5a12e", size = 2334338 },
    { url = "https://files.pythonhosted.org/packages/3b/5f/75cc1854bb81ff593039a1da06a1cdf98ff1bd53bb24f05a380243123ef2/lief-0.15.1-cp312-cp312-macosx_11_0_arm64.whl", hash = "sha256:1a96f17c2085ef38d12ad81427ae8a5d6ad76f0bc62a1e1f5fe384255cd2cc94", size = 1767200 },
    { url = "https://files.pythonhosted.org/packages/c9/f0/89843b581eed17364aac8310e38bf669dc1431e93e97c93eda027ae281b9/lief-0.15.1-cp312-cp312-macosx_11_0_x86_64.whl", hash = "sha256:d780af1762022b8e01b613253af490afea3864fbd6b5a49c6de7cea8fde0443d", size = 1905840 },
    { url = "https://files.pythonhosted.org/packages/ad/27/0ab4d3ee85674cc9ccae0d357e176c9690a21c7146e5b0d3cb819bb01504/lief-0.15.1-cp312-cp312-manylinux_2_28_x86_64.whl", hash = "sha256:d0f10d80202de9634a16786b53ba3a8f54ae8b9a9e124a964d83212444486087", size = 2170698 },
    { url = "https://files.pythonhosted.org/packages/85/8e/99c13dd8f7886275b5f4a6643382e870f8b192b0da1eb15e4b4a5303c240/lief-0.15.1-cp312-cp312-manylinux_2_33_aarch64.whl", hash = "sha256:864f17ecf1736296e6d5fc38b11983f9d19a5e799f094e21e20d58bfb1b95b80", size = 2118929 },
    { url = "https://files.pythonhosted.org/packages/bd/e8/398583add15a3a74207624be6a853a30a986252440f19b4052022cea911a/lief-0.15.1-cp312-cp312-musllinux_1_2_x86_64.whl", hash = "sha256:c2ec738bcafee8a569741f4a749f0596823b12f10713306c7d0cbbf85759f51c", size = 2476427 },
    { url = "https://files.pythonhosted.org/packages/d9/94/a1ce1bb89e46c9a95f575ecc344baee9049a81952fb8c8f60c42d93a99b0/lief-0.15.1-cp312-cp312-win32.whl", hash = "sha256:db38619edf70e27fb3686b8c0f0bec63ad494ac88ab51660c5ecd2720b506e41", size = 2189872 },
    { url = "https://files.pythonhosted.org/packages/18/41/569d821d7b87a8d38c279eddcaf90a782afd7476fa0b1c5f2febc391848a/lief-0.15.1-cp312-cp312-win_amd64.whl", hash = "sha256:28bf0922de5fb74502a29cc47930d3a052df58dc23ab6519fa590e564f194a60", size = 2343019 },
    { url = "https://files.pythonhosted.org/packages/a6/40/8dd03093980d3e0363d366c90fdf4e84a43a8b8cc9e5a80d21227f6207d3/lief-0.15.1-cp313-cp313-manylinux_2_28_x86_64.whl", hash = "sha256:0616e6048f269d262ff93d67c497ebff3c1d3965ffb9427b0f2b474764fd2e8c", size = 2170691 },
    { url = "https://files.pythonhosted.org/packages/93/89/cb9d18a91c5c631b0b0bb1498f4787503c33db92e9941383ebe197041180/lief-0.15.1-cp313-cp313-manylinux_2_33_aarch64.whl", hash = "sha256:6a08b2e512a80040429febddc777768c949bcd53f6f580e902e41ec0d9d936b8", size = 2118872 },
    { url = "https://files.pythonhosted.org/packages/5e/52/d1b7da1b5c879114e12181b3d95084cc0b8574c8dfc94e7315747c499544/lief-0.15.1-cp313-cp313-musllinux_1_2_x86_64.whl", hash = "sha256:fcd489ff80860bcc2b2689faa330a46b6d66f0ee3e0f6ef9e643e2b996128a06", size = 2476420 },
    { url = "https://files.pythonhosted.org/packages/d2/77/893193b36b30cb2a9f1977994294dd71899015f1078db60e3563b7a175cd/lief-0.15.1-cp313-cp313-win32.whl", hash = "sha256:0d10e5b22e86bbf2d1e3877b604ffd8860c852b6bc00fca681fe1432f5018fe9", size = 2189918 },
    { url = "https://files.pythonhosted.org/packages/89/2e/41447b878b77d6f1f359888c1babfe5cce8c7525e16f9d847d5522977556/lief-0.15.1-cp313-cp313-win_amd64.whl", hash = "sha256:5af7dcb9c3f44baaf60875df6ba9af6777db94776cc577ee86143bcce105ba2f", size = 2342940 },
    { url = "https://files.pythonhosted.org/packages/15/79/0acda2fcb8e039d8ce8a8e298930f25b01f343ee835601cd54de72a8840e/lief-0.15.1-cp38-cp38-macosx_11_0_arm64.whl", hash = "sha256:f9757ff0c7c3d6f66e5fdcc6a9df69680fad0dc2707d64a3428f0825dfce1a85", size = 1762742 },
    { url = "https://files.pythonhosted.org/packages/b7/c2/ae5ba18f4cd08af4fb213e892e3681e29f07ebfa36a971a46b59e71637ff/lief-0.15.1-cp38-cp38-macosx_11_0_x86_64.whl", hash = "sha256:8ac3cd099be2580d0e15150b1d2f5095c38f150af89993ddf390d7897ee8135f", size = 1899204 },
    { url = "https://files.pythonhosted.org/packages/14/f7/3e5c8fe33eb4063a287655de849bb7d32d5e8465e2820ef0cdd8db6e9679/lief-0.15.1-cp38-cp38-manylinux_2_28_x86_64.whl", hash = "sha256:4dedeab498c312a29b58f16b739895f65fa54b2a21b8d98b111e99ad3f7e30a8", size = 2163717 },
    { url = "https://files.pythonhosted.org/packages/0a/c0/41d0cd05b11202176f10583eea91a4f0e05d9679cd22d5106234290a1051/lief-0.15.1-cp38-cp38-manylinux_2_33_aarch64.whl", hash = "sha256:b9217578f7a45f667503b271da8481207fb4edda8d4a53e869fb922df6030484", size = 2114289 },
    { url = "https://files.pythonhosted.org/packages/05/5b/9a236aa25a65adc926ada98d920b87ec9e4c5d5113d0c70219de5cc322d3/lief-0.15.1-cp38-cp38-musllinux_1_2_x86_64.whl", hash = "sha256:82e6308ad8bd4bc7eadee3502ede13a5bb398725f25513a0396c8dba850f58a1", size = 2468508 },
    { url = "https://files.pythonhosted.org/packages/21/1d/3c6b58c4bc69a3ca15d6761d23aabf049ce1f15c9d81ab0f77ad694163e2/lief-0.15.1-cp38-cp38-win32.whl", hash = "sha256:dde1c8f8ebe0ee9db4f2302c87ae3cacb9898dc412e0d7da07a8e4e834ac5158", size = 2185422 },
    { url = "https://files.pythonhosted.org/packages/46/b3/24da6731ce3fff38116bacdadae04a9a71bfb9b95f4f92af2fc885e61be5/lief-0.15.1-cp38-cp38-win_amd64.whl", hash = "sha256:a079a76bca23aa73c850ab5beb7598871a1bf44662658b952cead2b5ddd31bee", size = 2334283 },
    { url = "https://files.pythonhosted.org/packages/49/af/268da910553d89dcd5f57341ca9541af25a2eadc1560145004ea85cff751/lief-0.15.1-cp39-cp39-macosx_11_0_arm64.whl", hash = "sha256:785a3aa14575f046ed9c8d44ea222ea14c697cd03b5331d1717b5b0cf4f72466", size = 1762621 },
    { url = "https://files.pythonhosted.org/packages/5a/01/9c11a7fe49e2387e65ef6955ca78d29155fb7d58f96985c99bb5f2b8e161/lief-0.15.1-cp39-cp39-macosx_11_0_x86_64.whl", hash = "sha256:d7044553cf07c8a2ab6e21874f07585610d996ff911b9af71dc6085a89f59daa", size = 1899609 },
    { url = "https://files.pythonhosted.org/packages/e3/6c/53446960e067bc4be0733cb0edb03623b27ec9342ea1fd8d65702a825796/lief-0.15.1-cp39-cp39-manylinux_2_28_x86_64.whl", hash = "sha256:13285c3ff5ef6de2421d85684c954905af909db0ad3472e33c475e5f0f657dcf", size = 2163999 },
    { url = "https://files.pythonhosted.org/packages/9d/bf/e8634ce5f032efd8fef963fee7b10e9aab5f095d14a718eaefebea9fe3e8/lief-0.15.1-cp39-cp39-manylinux_2_33_aarch64.whl", hash = "sha256:932f880ee8a130d663a97a9099516d8570b1b303af7816e70a02f9931d5ef4c2", size = 2115090 },
    { url = "https://files.pythonhosted.org/packages/d1/51/f66d6390e25a75cc80a8ebc7e68f95d025fb4a32f0b873cf4ccebdfc3c29/lief-0.15.1-cp39-cp39-musllinux_1_2_x86_64.whl", hash = "sha256:de9453f94866e0f2c36b6bd878625880080e7e5800788f5cbc06a76debf283b9", size = 2468980 },
    { url = "https://files.pythonhosted.org/packages/a0/84/e393a3994c2e9acc8477c8515b9bd534d776d3905aad697e620ee7c18290/lief-0.15.1-cp39-cp39-win32.whl", hash = "sha256:4e47324736d6aa559421720758de4ce12d04fb56bdffa3dcc051fe8cdd42ed17", size = 2185910 },
    { url = "https://files.pythonhosted.org/packages/b5/dd/6a635272c723682b79680275c7c50b8e88f2b4593b5b8620f9261521710e/lief-0.15.1-cp39-cp39-win_amd64.whl", hash = "sha256:382a189514c0e6ebfb41e0db6106936c7ba94d8400651276add2899ff3570585", size = 2334708 },
]

[[package]]
name = "pyelftools"
version = "0.31"
source = { registry = "https://pypi.org/simple" }
sdist = { url = "https://files.pythonhosted.org/packages/88/56/0f2d69ed9a0060da009f672ddec8a71c041d098a66f6b1d80264bf6bbdc0/pyelftools-0.31.tar.gz", hash = "sha256:c774416b10310156879443b81187d182d8d9ee499660380e645918b50bc88f99", size = 14108889 }
wheels = [
    { url = "https://files.pythonhosted.org/packages/f8/64/711030d9fe9ccaf6ee3ab1bcf4801c6bb3d0e585af18824a50b016b4f39c/pyelftools-0.31-py3-none-any.whl", hash = "sha256:f52de7b3c7e8c64c8abc04a79a1cf37ac5fb0b8a49809827130b858944840607", size = 180473 },
]

[[package]]
name = "symbol-renamer"
version = "0.1.0"
source = { editable = "." }
dependencies = [
    { name = "lief" },
    { name = "pyelftools" },
]

[package.metadata]
requires-dist = [
    { name = "lief" },
    { name = "pyelftools" },
]
